{
    "_readme": [
        "This file locks the dependencies of your project to a known state",
        "Read more about it at https://getcomposer.org/doc/01-basic-usage.md#installing-dependencies",
        "This file is @generated automatically"
    ],
    "content-hash": "16a282a45f269e34a877b5a0eff4d70d",
    "packages": [
        {
            "name": "phx/core",
            "version": "dev-main",
            "source": {
                "type": "git",
                "url": "https://github.com/peverelli-andrea/phx-core.git",
                "reference": "e98cc6c4a69b7908806a2073d6768039f2fb011d"
            },
            "dist": {
                "type": "zip",
                "url": "https://api.github.com/repos/peverelli-andrea/phx-core/zipball/e98cc6c4a69b7908806a2073d6768039f2fb011d",
                "reference": "e98cc6c4a69b7908806a2073d6768039f2fb011d",
                "shasum": ""
            },
            "default-branch": true,
            "type": "framework",
            "autoload": {
                "psr-4": {
                    "Phx\\Core\\": "src/"
                }
            },
            "notification-url": "https://packagist.org/downloads/",
            "license": [
                "GPL-3.0"
            ],
            "authors": [
                {
                    "name": "Peverelli Andrea",
                    "email": "ndrpeverelli@gmail.com"
                }
            ],
            "description": "A frontend UI framework for PHP",
            "support": {
                "issues": "https://github.com/peverelli-andrea/phx-core/issues",
                "source": "https://github.com/peverelli-andrea/phx-core/tree/main"
            },
            "time": "2025-11-04T16:34:44+00:00"
        }
    ],
    "packages-dev": [],
    "aliases": [],
    "minimum-stability": "dev",
    "stability-flags": {
        "phx/core": 20
    },
    "prefer-stable": false,
    "prefer-lowest": false,
    "platform": {},
    "platform-dev": {},
    "plugin-api-version": "2.6.0"
}
